
Microsoft Visual Studio Solution File, Format Version 12.00
# Visual Studio Version 17
VisualStudioVersion = 17.1.32328.378
MinimumVisualStudioVersion = 10.0.40219.1
Project("{9A19103F-16F7-4668-BE54-9A1E7A4F7556}") = "Kagami", "Kagami\Kagami.csproj", "{B10F8933-2FDC-4CAE-9A14-E503DACBB029}"
EndProject
Project("{9A19103F-16F7-4668-BE54-9A1E7A4F7556}") = "Kagami.SourceGenerator", "Kagami.SourceGenerator\Kagami.SourceGenerator.csproj", "{19809C72-6999-48BB-BB92-DB0E779370EA}"
EndProject
Project("{FAE04EC0-301F-11D3-BF4B-00C04F79EFBC}") = "Kagami.GenerateHelpImage", "Kagami.GenerateHelpImage\Kagami.GenerateHelpImage.csproj", "{E4CD1875-87BA-4184-AA1F-A310E70A4BA8}"
EndProject
Global
	GlobalSection(SolutionConfigurationPlatforms) = preSolution
		Debug|Any CPU = Debug|Any CPU
		Release|Any CPU = Release|Any CPU
	EndGlobalSection
	GlobalSection(ProjectConfigurationPlatforms) = postSolution
		{B10F8933-2FDC-4CAE-9A14-E503DACBB029}.Debug|Any CPU.ActiveCfg = Debug|Any CPU
		{B10F8933-2FDC-4CAE-9A14-E503DACBB029}.Debug|Any CPU.Build.0 = Debug|Any CPU
		{B10F8933-2FDC-4CAE-9A14-E503DACBB029}.Release|Any CPU.ActiveCfg = Release|Any CPU
		{B10F8933-2FDC-4CAE-9A14-E503DACBB029}.Release|Any CPU.Build.0 = Release|Any CPU
		{19809C72-6999-48BB-BB92-DB0E779370EA}.Debug|Any CPU.ActiveCfg = Debug|Any CPU
		{19809C72-6999-48BB-BB92-DB0E779370EA}.Debug|Any CPU.Build.0 = Debug|Any CPU
		{19809C72-6999-48BB-BB92-DB0E779370EA}.Release|Any CPU.ActiveCfg = Release|Any CPU
		{19809C72-6999-48BB-BB92-DB0E779370EA}.Release|Any CPU.Build.0 = Release|Any CPU
		{E4CD1875-87BA-4184-AA1F-A310E70A4BA8}.Debug|Any CPU.ActiveCfg = Debug|Any CPU
		{E4CD1875-87BA-4184-AA1F-A310E70A4BA8}.Debug|Any CPU.Build.0 = Debug|Any CPU
		{E4CD1875-87BA-4184-AA1F-A310E70A4BA8}.Release|Any CPU.ActiveCfg = Release|Any CPU
		{E4CD1875-87BA-4184-AA1F-A310E70A4BA8}.Release|Any CPU.Build.0 = Release|Any CPU
	EndGlobalSection
	GlobalSection(SolutionProperties) = preSolution
		HideSolutionNode = FALSE
	EndGlobalSection
	GlobalSection(ExtensibilityGlobals) = postSolution
		SolutionGuid = {76C5EF2C-6AA1-4009-A2BF-16E19DA2E537}
	EndGlobalSection
EndGlobal
